{
  "object": {
    "pins": [
      {
        "package": "MyUtilities",
        "repositoryURL": "https://github.com/yutao86/example-swift-package-manifest.git",
        "state": {
          "branch": null,
          "revision": "30cfaa613cb04b73955a994ef99eebf01a7e4dad",
          "version": "0.0.12"
        }
      }
    ]
  },
  "version": 1
}
