{
  "object": {
    "pins": [
      {
        "package": "MyUtilities",
        "repositoryURL": "https://github.com/yutao86/example-swift-package-manifest.git",
        "state": {
          "branch": null,
          "revision": "a9e91a78fb76dff084d7c58bff34edf17d0c355e",
          "version": "0.0.11"
        }
      }
    ]
  },
  "version": 1
}
